
Microsoft Visual Studio Solution File, Format Version 12.00
# Visual Studio Version 17
VisualStudioVersion = 17.0.31903.59
MinimumVisualStudioVersion = 10.0.40219.1
Project("{FAE04EC0-301F-11D3-BF4B-00C04F79EFBC}") = "ObjectDetectionAPI", "ObjectDetectionAPI\ObjectDetectionAPI.csproj", "{64141911-D533-45BF-8D19-1A9EACA30BB9}"
EndProject
Global
	GlobalSection(SolutionConfigurationPlatforms) = preSolution
		Debug|Any CPU = Debug|Any CPU
		Release|Any CPU = Release|Any CPU
	EndGlobalSection
	GlobalSection(ProjectConfigurationPlatforms) = postSolution
		{64141911-D533-45BF-8D19-1A9EACA30BB9}.Debug|Any CPU.ActiveCfg = Debug|Any CPU
		{64141911-D533-45BF-8D19-1A9EACA30BB9}.Debug|Any CPU.Build.0 = Debug|Any CPU
		{64141911-D533-45BF-8D19-1A9EACA30BB9}.Release|Any CPU.ActiveCfg = Release|Any CPU
		{64141911-D533-45BF-8D19-1A9EACA30BB9}.Release|Any CPU.Build.0 = Release|Any CPU
	EndGlobalSection
	GlobalSection(SolutionProperties) = preSolution
		HideSolutionNode = FALSE
	EndGlobalSection
	GlobalSection(ExtensibilityGlobals) = postSolution
		SolutionGuid = {91940DB1-A4B4-46F0-9304-39CF5C840BFC}
	EndGlobalSection
EndGlobal
